// !$*UTF8*$!
{
	archiveVersion = 1;
	classes = {
	};
	objectVersion = 50;
	objects = {

/* Begin PBXBuildFile section */
		D47FF96E209864D50079283F /* main.cpp in Sources */ = {isa = PBXBuildFile; fileRef = D47FF96D209864D50079283F /* main.cpp */; };
		D47FF9A72098651C0079283F /* libopencv_text.3.4.1.dylib in Frameworks */ = {isa = PBXBuildFile; fileRef = D47FF978209865190079283F /* libopencv_text.3.4.1.dylib */; };
		D47FF9A82098651C0079283F /* libopencv_videostab.3.4.1.dylib in Frameworks */ = {isa = PBXBuildFile; fileRef = D47FF979209865190079283F /* libopencv_videostab.3.4.1.dylib */; };
		D47FF9A92098651C0079283F /* libopencv_calib3d.3.4.1.dylib in Frameworks */ = {isa = PBXBuildFile; fileRef = D47FF97A2098651A0079283F /* libopencv_calib3d.3.4.1.dylib */; };
		D47FF9AA2098651C0079283F /* libopencv_core.3.4.1.dylib in Frameworks */ = {isa = PBXBuildFile; fileRef = D47FF97B2098651A0079283F /* libopencv_core.3.4.1.dylib */; };
		D47FF9AB2098651C0079283F /* libopencv_surface_matching.3.4.1.dylib in Frameworks */ = {isa = PBXBuildFile; fileRef = D47FF97C2098651A0079283F /* libopencv_surface_matching.3.4.1.dylib */; };
		D47FF9AC2098651C0079283F /* libopencv_stitching.3.4.1.dylib in Frameworks */ = {isa = PBXBuildFile; fileRef = D47FF97D2098651A0079283F /* libopencv_stitching.3.4.1.dylib */; };
		D47FF9AD2098651C0079283F /* libopencv_ccalib.3.4.1.dylib in Frameworks */ = {isa = PBXBuildFile; fileRef = D47FF97E2098651A0079283F /* libopencv_ccalib.3.4.1.dylib */; };
		D47FF9AE2098651C0079283F /* libopencv_reg.3.4.1.dylib in Frameworks */ = {isa = PBXBuildFile; fileRef = D47FF97F2098651A0079283F /* libopencv_reg.3.4.1.dylib */; };
		D47FF9AF2098651C0079283F /* libopencv_tracking.3.4.1.dylib in Frameworks */ = {isa = PBXBuildFile; fileRef = D47FF9802098651A0079283F /* libopencv_tracking.3.4.1.dylib */; };
		D47FF9B02098651C0079283F /* libopencv_superres.3.4.1.dylib in Frameworks */ = {isa = PBXBuildFile; fileRef = D47FF9812098651A0079283F /* libopencv_superres.3.4.1.dylib */; };
		D47FF9B12098651C0079283F /* libopencv_bgsegm.3.4.1.dylib in Frameworks */ = {isa = PBXBuildFile; fileRef = D47FF9822098651A0079283F /* libopencv_bgsegm.3.4.1.dylib */; };
		D47FF9B22098651C0079283F /* libopencv_hfs.3.4.1.dylib in Frameworks */ = {isa = PBXBuildFile; fileRef = D47FF9832098651A0079283F /* libopencv_hfs.3.4.1.dylib */; };
		D47FF9B32098651C0079283F /* libopencv_line_descriptor.3.4.1.dylib in Frameworks */ = {isa = PBXBuildFile; fileRef = D47FF9842098651A0079283F /* libopencv_line_descriptor.3.4.1.dylib */; };
		D47FF9B42098651C0079283F /* libopencv_dnn.3.4.1.dylib in Frameworks */ = {isa = PBXBuildFile; fileRef = D47FF9852098651A0079283F /* libopencv_dnn.3.4.1.dylib */; };
		D47FF9B52098651C0079283F /* libopencv_ximgproc.3.4.1.dylib in Frameworks */ = {isa = PBXBuildFile; fileRef = D47FF9862098651A0079283F /* libopencv_ximgproc.3.4.1.dylib */; };
		D47FF9B62098651C0079283F /* libopencv_bioinspired.3.4.1.dylib in Frameworks */ = {isa = PBXBuildFile; fileRef = D47FF9872098651A0079283F /* libopencv_bioinspired.3.4.1.dylib */; };
		D47FF9B72098651C0079283F /* libopencv_face.3.4.1.dylib in Frameworks */ = {isa = PBXBuildFile; fileRef = D47FF9882098651B0079283F /* libopencv_face.3.4.1.dylib */; };
		D47FF9B82098651C0079283F /* libopencv_highgui.3.4.1.dylib in Frameworks */ = {isa = PBXBuildFile; fileRef = D47FF9892098651B0079283F /* libopencv_highgui.3.4.1.dylib */; };
		D47FF9B92098651C0079283F /* libopencv_aruco.3.4.1.dylib in Frameworks */ = {isa = PBXBuildFile; fileRef = D47FF98A2098651B0079283F /* libopencv_aruco.3.4.1.dylib */; };
		D47FF9BA2098651C0079283F /* libopencv_dnn_objdetect.3.4.1.dylib in Frameworks */ = {isa = PBXBuildFile; fileRef = D47FF98B2098651B0079283F /* libopencv_dnn_objdetect.3.4.1.dylib */; };
		D47FF9BB2098651C0079283F /* libopencv_dpm.3.4.1.dylib in Frameworks */ = {isa = PBXBuildFile; fileRef = D47FF98C2098651B0079283F /* libopencv_dpm.3.4.1.dylib */; };
		D47FF9BC2098651C0079283F /* libopencv_flann.3.4.1.dylib in Frameworks */ = {isa = PBXBuildFile; fileRef = D47FF98D2098651B0079283F /* libopencv_flann.3.4.1.dylib */; };
		D47FF9BD2098651C0079283F /* libopencv_img_hash.3.4.1.dylib in Frameworks */ = {isa = PBXBuildFile; fileRef = D47FF98E2098651B0079283F /* libopencv_img_hash.3.4.1.dylib */; };
		D47FF9BE2098651C0079283F /* libopencv_imgcodecs.3.4.1.dylib in Frameworks */ = {isa = PBXBuildFile; fileRef = D47FF98F2098651B0079283F /* libopencv_imgcodecs.3.4.1.dylib */; };
		D47FF9BF2098651C0079283F /* libopencv_features2d.3.4.1.dylib in Frameworks */ = {isa = PBXBuildFile; fileRef = D47FF9902098651B0079283F /* libopencv_features2d.3.4.1.dylib */; };
		D47FF9C02098651C0079283F /* libopencv_objdetect.3.4.1.dylib in Frameworks */ = {isa = PBXBuildFile; fileRef = D47FF9912098651B0079283F /* libopencv_objdetect.3.4.1.dylib */; };
		D47FF9C12098651C0079283F /* libopencv_stereo.3.4.1.dylib in Frameworks */ = {isa = PBXBuildFile; fileRef = D47FF9922098651B0079283F /* libopencv_stereo.3.4.1.dylib */; };
		D47FF9C22098651C0079283F /* libopencv_rgbd.3.4.1.dylib in Frameworks */ = {isa = PBXBuildFile; fileRef = D47FF9932098651B0079283F /* libopencv_rgbd.3.4.1.dylib */; };
		D47FF9C32098651C0079283F /* libopencv_video.3.4.1.dylib in Frameworks */ = {isa = PBXBuildFile; fileRef = D47FF9942098651B0079283F /* libopencv_video.3.4.1.dylib */; };
		D47FF9C42098651C0079283F /* libopencv_xfeatures2d.3.4.1.dylib in Frameworks */ = {isa = PBXBuildFile; fileRef = D47FF9962098651B0079283F /* libopencv_xfeatures2d.3.4.1.dylib */; };
		D47FF9C52098651C0079283F /* libopencv_fuzzy.3.4.1.dylib in Frameworks */ = {isa = PBXBuildFile; fileRef = D47FF9972098651B0079283F /* libopencv_fuzzy.3.4.1.dylib */; };
		D47FF9C62098651C0079283F /* libopencv_xobjdetect.3.4.1.dylib in Frameworks */ = {isa = PBXBuildFile; fileRef = D47FF9982098651C0079283F /* libopencv_xobjdetect.3.4.1.dylib */; };
		D47FF9C72098651C0079283F /* libopencv_optflow.3.4.1.dylib in Frameworks */ = {isa = PBXBuildFile; fileRef = D47FF9992098651C0079283F /* libopencv_optflow.3.4.1.dylib */; };
		D47FF9C82098651C0079283F /* libopencv_saliency.3.4.1.dylib in Frameworks */ = {isa = PBXBuildFile; fileRef = D47FF99A2098651C0079283F /* libopencv_saliency.3.4.1.dylib */; };
		D47FF9C92098651C0079283F /* libopencv_videoio.3.4.1.dylib in Frameworks */ = {isa = PBXBuildFile; fileRef = D47FF99B2098651C0079283F /* libopencv_videoio.3.4.1.dylib */; };
		D47FF9CA2098651C0079283F /* libopencv_structured_light.3.4.1.dylib in Frameworks */ = {isa = PBXBuildFile; fileRef = D47FF99C2098651C0079283F /* libopencv_structured_light.3.4.1.dylib */; };
		D47FF9CB2098651C0079283F /* libopencv_xphoto.3.4.1.dylib in Frameworks */ = {isa = PBXBuildFile; fileRef = D47FF99D2098651C0079283F /* libopencv_xphoto.3.4.1.dylib */; };
		D47FF9CC2098651C0079283F /* libopencv_datasets.3.4.1.dylib in Frameworks */ = {isa = PBXBuildFile; fileRef = D47FF99E2098651C0079283F /* libopencv_datasets.3.4.1.dylib */; };
		D47FF9CD2098651C0079283F /* libopencv_shape.3.4.1.dylib in Frameworks */ = {isa = PBXBuildFile; fileRef = D47FF99F2098651C0079283F /* libopencv_shape.3.4.1.dylib */; };
		D47FF9CE2098651C0079283F /* libopencv_ml.3.4.1.dylib in Frameworks */ = {isa = PBXBuildFile; fileRef = D47FF9A02098651C0079283F /* libopencv_ml.3.4.1.dylib */; };
		D47FF9CF2098651C0079283F /* libopencv_plot.3.4.1.dylib in Frameworks */ = {isa = PBXBuildFile; fileRef = D47FF9A12098651C0079283F /* libopencv_plot.3.4.1.dylib */; };
		D47FF9D02098651C0079283F /* libopencv_imgproc.3.4.1.dylib in Frameworks */ = {isa = PBXBuildFile; fileRef = D47FF9A32098651C0079283F /* libopencv_imgproc.3.4.1.dylib */; };
		D47FF9D12098651C0079283F /* libopencv_photo.3.4.1.dylib in Frameworks */ = {isa = PBXBuildFile; fileRef = D47FF9A42098651C0079283F /* libopencv_photo.3.4.1.dylib */; };
		D47FF9D22098651C0079283F /* libopencv_phase_unwrapping.3.4.1.dylib in Frameworks */ = {isa = PBXBuildFile; fileRef = D47FF9A62098651C0079283F /* libopencv_phase_unwrapping.3.4.1.dylib */; };
/* End PBXBuildFile section */

/* Begin PBXCopyFilesBuildPhase section */
		D47FF968209864D50079283F /* CopyFiles */ = {
			isa = PBXCopyFilesBuildPhase;
			buildActionMask = 2147483647;
			dstPath = /usr/share/man/man1/;
			dstSubfolderSpec = 0;
			files = (
			);
			runOnlyForDeploymentPostprocessing = 1;
		};
/* End PBXCopyFilesBuildPhase section */

/* Begin PBXFileReference section */
		D47FF96A209864D50079283F /* NEURAL_NET */ = {isa = PBXFileReference; explicitFileType = "compiled.mach-o.executable"; includeInIndex = 0; path = NEURAL_NET; sourceTree = BUILT_PRODUCTS_DIR; };
		D47FF96D209864D50079283F /* main.cpp */ = {isa = PBXFileReference; lastKnownFileType = sourcecode.cpp.cpp; path = main.cpp; sourceTree = "<group>"; };
		D47FF978209865190079283F /* libopencv_text.3.4.1.dylib */ = {isa = PBXFileReference; lastKnownFileType = "compiled.mach-o.dylib"; path = libopencv_text.3.4.1.dylib; sourceTree = "<group>"; };
		D47FF979209865190079283F /* libopencv_videostab.3.4.1.dylib */ = {isa = PBXFileReference; lastKnownFileType = "compiled.mach-o.dylib"; path = libopencv_videostab.3.4.1.dylib; sourceTree = "<group>"; };
		D47FF97A2098651A0079283F /* libopencv_calib3d.3.4.1.dylib */ = {isa = PBXFileReference; lastKnownFileType = "compiled.mach-o.dylib"; path = libopencv_calib3d.3.4.1.dylib; sourceTree = "<group>"; };
		D47FF97B2098651A0079283F /* libopencv_core.3.4.1.dylib */ = {isa = PBXFileReference; lastKnownFileType = "compiled.mach-o.dylib"; path = libopencv_core.3.4.1.dylib; sourceTree = "<group>"; };
		D47FF97C2098651A0079283F /* libopencv_surface_matching.3.4.1.dylib */ = {isa = PBXFileReference; lastKnownFileType = "compiled.mach-o.dylib"; path = libopencv_surface_matching.3.4.1.dylib; sourceTree = "<group>"; };
		D47FF97D2098651A0079283F /* libopencv_stitching.3.4.1.dylib */ = {isa = PBXFileReference; lastKnownFileType = "compiled.mach-o.dylib"; path = libopencv_stitching.3.4.1.dylib; sourceTree = "<group>"; };
		D47FF97E2098651A0079283F /* libopencv_ccalib.3.4.1.dylib */ = {isa = PBXFileReference; lastKnownFileType = "compiled.mach-o.dylib"; path = libopencv_ccalib.3.4.1.dylib; sourceTree = "<group>"; };
		D47FF97F2098651A0079283F /* libopencv_reg.3.4.1.dylib */ = {isa = PBXFileReference; lastKnownFileType = "compiled.mach-o.dylib"; path = libopencv_reg.3.4.1.dylib; sourceTree = "<group>"; };
		D47FF9802098651A0079283F /* libopencv_tracking.3.4.1.dylib */ = {isa = PBXFileReference; lastKnownFileType = "compiled.mach-o.dylib"; path = libopencv_tracking.3.4.1.dylib; sourceTree = "<group>"; };
		D47FF9812098651A0079283F /* libopencv_superres.3.4.1.dylib */ = {isa = PBXFileReference; lastKnownFileType = "compiled.mach-o.dylib"; path = libopencv_superres.3.4.1.dylib; sourceTree = "<group>"; };
		D47FF9822098651A0079283F /* libopencv_bgsegm.3.4.1.dylib */ = {isa = PBXFileReference; lastKnownFileType = "compiled.mach-o.dylib"; path = libopencv_bgsegm.3.4.1.dylib; sourceTree = "<group>"; };
		D47FF9832098651A0079283F /* libopencv_hfs.3.4.1.dylib */ = {isa = PBXFileReference; lastKnownFileType = "compiled.mach-o.dylib"; path = libopencv_hfs.3.4.1.dylib; sourceTree = "<group>"; };
		D47FF9842098651A0079283F /* libopencv_line_descriptor.3.4.1.dylib */ = {isa = PBXFileReference; lastKnownFileType = "compiled.mach-o.dylib"; path = libopencv_line_descriptor.3.4.1.dylib; sourceTree = "<group>"; };
		D47FF9852098651A0079283F /* libopencv_dnn.3.4.1.dylib */ = {isa = PBXFileReference; lastKnownFileType = "compiled.mach-o.dylib"; path = libopencv_dnn.3.4.1.dylib; sourceTree = "<group>"; };
		D47FF9862098651A0079283F /* libopencv_ximgproc.3.4.1.dylib */ = {isa = PBXFileReference; lastKnownFileType = "compiled.mach-o.dylib"; path = libopencv_ximgproc.3.4.1.dylib; sourceTree = "<group>"; };
		D47FF9872098651A0079283F /* libopencv_bioinspired.3.4.1.dylib */ = {isa = PBXFileReference; lastKnownFileType = "compiled.mach-o.dylib"; path = libopencv_bioinspired.3.4.1.dylib; sourceTree = "<group>"; };
		D47FF9882098651B0079283F /* libopencv_face.3.4.1.dylib */ = {isa = PBXFileReference; lastKnownFileType = "compiled.mach-o.dylib"; path = libopencv_face.3.4.1.dylib; sourceTree = "<group>"; };
		D47FF9892098651B0079283F /* libopencv_highgui.3.4.1.dylib */ = {isa = PBXFileReference; lastKnownFileType = "compiled.mach-o.dylib"; path = libopencv_highgui.3.4.1.dylib; sourceTree = "<group>"; };
		D47FF98A2098651B0079283F /* libopencv_aruco.3.4.1.dylib */ = {isa = PBXFileReference; lastKnownFileType = "compiled.mach-o.dylib"; path = libopencv_aruco.3.4.1.dylib; sourceTree = "<group>"; };
		D47FF98B2098651B0079283F /* libopencv_dnn_objdetect.3.4.1.dylib */ = {isa = PBXFileReference; lastKnownFileType = "compiled.mach-o.dylib"; path = libopencv_dnn_objdetect.3.4.1.dylib; sourceTree = "<group>"; };
		D47FF98C2098651B0079283F /* libopencv_dpm.3.4.1.dylib */ = {isa = PBXFileReference; lastKnownFileType = "compiled.mach-o.dylib"; path = libopencv_dpm.3.4.1.dylib; sourceTree = "<group>"; };
		D47FF98D2098651B0079283F /* libopencv_flann.3.4.1.dylib */ = {isa = PBXFileReference; lastKnownFileType = "compiled.mach-o.dylib"; path = libopencv_flann.3.4.1.dylib; sourceTree = "<group>"; };
		D47FF98E2098651B0079283F /* libopencv_img_hash.3.4.1.dylib */ = {isa = PBXFileReference; lastKnownFileType = "compiled.mach-o.dylib"; path = libopencv_img_hash.3.4.1.dylib; sourceTree = "<group>"; };
		D47FF98F2098651B0079283F /* libopencv_imgcodecs.3.4.1.dylib */ = {isa = PBXFileReference; lastKnownFileType = "compiled.mach-o.dylib"; path = libopencv_imgcodecs.3.4.1.dylib; sourceTree = "<group>"; };
		D47FF9902098651B0079283F /* libopencv_features2d.3.4.1.dylib */ = {isa = PBXFileReference; lastKnownFileType = "compiled.mach-o.dylib"; path = libopencv_features2d.3.4.1.dylib; sourceTree = "<group>"; };
		D47FF9912098651B0079283F /* libopencv_objdetect.3.4.1.dylib */ = {isa = PBXFileReference; lastKnownFileType = "compiled.mach-o.dylib"; path = libopencv_objdetect.3.4.1.dylib; sourceTree = "<group>"; };
		D47FF9922098651B0079283F /* libopencv_stereo.3.4.1.dylib */ = {isa = PBXFileReference; lastKnownFileType = "compiled.mach-o.dylib"; path = libopencv_stereo.3.4.1.dylib; sourceTree = "<group>"; };
		D47FF9932098651B0079283F /* libopencv_rgbd.3.4.1.dylib */ = {isa = PBXFileReference; lastKnownFileType = "compiled.mach-o.dylib"; path = libopencv_rgbd.3.4.1.dylib; sourceTree = "<group>"; };
		D47FF9942098651B0079283F /* libopencv_video.3.4.1.dylib */ = {isa = PBXFileReference; lastKnownFileType = "compiled.mach-o.dylib"; path = libopencv_video.3.4.1.dylib; sourceTree = "<group>"; };
		D47FF9952098651B0079283F /* python2.7 */ = {isa = PBXFileReference; lastKnownFileType = folder; path = python2.7; sourceTree = "<group>"; };
		D47FF9962098651B0079283F /* libopencv_xfeatures2d.3.4.1.dylib */ = {isa = PBXFileReference; lastKnownFileType = "compiled.mach-o.dylib"; path = libopencv_xfeatures2d.3.4.1.dylib; sourceTree = "<group>"; };
		D47FF9972098651B0079283F /* libopencv_fuzzy.3.4.1.dylib */ = {isa = PBXFileReference; lastKnownFileType = "compiled.mach-o.dylib"; path = libopencv_fuzzy.3.4.1.dylib; sourceTree = "<group>"; };
		D47FF9982098651C0079283F /* libopencv_xobjdetect.3.4.1.dylib */ = {isa = PBXFileReference; lastKnownFileType = "compiled.mach-o.dylib"; path = libopencv_xobjdetect.3.4.1.dylib; sourceTree = "<group>"; };
		D47FF9992098651C0079283F /* libopencv_optflow.3.4.1.dylib */ = {isa = PBXFileReference; lastKnownFileType = "compiled.mach-o.dylib"; path = libopencv_optflow.3.4.1.dylib; sourceTree = "<group>"; };
		D47FF99A2098651C0079283F /* libopencv_saliency.3.4.1.dylib */ = {isa = PBXFileReference; lastKnownFileType = "compiled.mach-o.dylib"; path = libopencv_saliency.3.4.1.dylib; sourceTree = "<group>"; };
		D47FF99B2098651C0079283F /* libopencv_videoio.3.4.1.dylib */ = {isa = PBXFileReference; lastKnownFileType = "compiled.mach-o.dylib"; path = libopencv_videoio.3.4.1.dylib; sourceTree = "<group>"; };
		D47FF99C2098651C0079283F /* libopencv_structured_light.3.4.1.dylib */ = {isa = PBXFileReference; lastKnownFileType = "compiled.mach-o.dylib"; path = libopencv_structured_light.3.4.1.dylib; sourceTree = "<group>"; };
		D47FF99D2098651C0079283F /* libopencv_xphoto.3.4.1.dylib */ = {isa = PBXFileReference; lastKnownFileType = "compiled.mach-o.dylib"; path = libopencv_xphoto.3.4.1.dylib; sourceTree = "<group>"; };
		D47FF99E2098651C0079283F /* libopencv_datasets.3.4.1.dylib */ = {isa = PBXFileReference; lastKnownFileType = "compiled.mach-o.dylib"; path = libopencv_datasets.3.4.1.dylib; sourceTree = "<group>"; };
		D47FF99F2098651C0079283F /* libopencv_shape.3.4.1.dylib */ = {isa = PBXFileReference; lastKnownFileType = "compiled.mach-o.dylib"; path = libopencv_shape.3.4.1.dylib; sourceTree = "<group>"; };
		D47FF9A02098651C0079283F /* libopencv_ml.3.4.1.dylib */ = {isa = PBXFileReference; lastKnownFileType = "compiled.mach-o.dylib"; path = libopencv_ml.3.4.1.dylib; sourceTree = "<group>"; };
		D47FF9A12098651C0079283F /* libopencv_plot.3.4.1.dylib */ = {isa = PBXFileReference; lastKnownFileType = "compiled.mach-o.dylib"; path = libopencv_plot.3.4.1.dylib; sourceTree = "<group>"; };
		D47FF9A22098651C0079283F /* pkgconfig */ = {isa = PBXFileReference; lastKnownFileType = folder; path = pkgconfig; sourceTree = "<group>"; };
		D47FF9A32098651C0079283F /* libopencv_imgproc.3.4.1.dylib */ = {isa = PBXFileReference; lastKnownFileType = "compiled.mach-o.dylib"; path = libopencv_imgproc.3.4.1.dylib; sourceTree = "<group>"; };
		D47FF9A42098651C0079283F /* libopencv_photo.3.4.1.dylib */ = {isa = PBXFileReference; lastKnownFileType = "compiled.mach-o.dylib"; path = libopencv_photo.3.4.1.dylib; sourceTree = "<group>"; };
		D47FF9A52098651C0079283F /* python3.6 */ = {isa = PBXFileReference; lastKnownFileType = folder; path = python3.6; sourceTree = "<group>"; };
		D47FF9A62098651C0079283F /* libopencv_phase_unwrapping.3.4.1.dylib */ = {isa = PBXFileReference; lastKnownFileType = "compiled.mach-o.dylib"; path = libopencv_phase_unwrapping.3.4.1.dylib; sourceTree = "<group>"; };
/* End PBXFileReference section */

/* Begin PBXFrameworksBuildPhase section */
		D47FF967209864D50079283F /* Frameworks */ = {
			isa = PBXFrameworksBuildPhase;
			buildActionMask = 2147483647;
			files = (
				D47FF9B72098651C0079283F /* libopencv_face.3.4.1.dylib in Frameworks */,
				D47FF9B42098651C0079283F /* libopencv_dnn.3.4.1.dylib in Frameworks */,
				D47FF9C62098651C0079283F /* libopencv_xobjdetect.3.4.1.dylib in Frameworks */,
				D47FF9C32098651C0079283F /* libopencv_video.3.4.1.dylib in Frameworks */,
				D47FF9AA2098651C0079283F /* libopencv_core.3.4.1.dylib in Frameworks */,
				D47FF9AF2098651C0079283F /* libopencv_tracking.3.4.1.dylib in Frameworks */,
				D47FF9C72098651C0079283F /* libopencv_optflow.3.4.1.dylib in Frameworks */,
				D47FF9CD2098651C0079283F /* libopencv_shape.3.4.1.dylib in Frameworks */,
				D47FF9D12098651C0079283F /* libopencv_photo.3.4.1.dylib in Frameworks */,
				D47FF9CA2098651C0079283F /* libopencv_structured_light.3.4.1.dylib in Frameworks */,
				D47FF9C92098651C0079283F /* libopencv_videoio.3.4.1.dylib in Frameworks */,
				D47FF9CF2098651C0079283F /* libopencv_plot.3.4.1.dylib in Frameworks */,
				D47FF9A72098651C0079283F /* libopencv_text.3.4.1.dylib in Frameworks */,
				D47FF9CB2098651C0079283F /* libopencv_xphoto.3.4.1.dylib in Frameworks */,
				D47FF9A92098651C0079283F /* libopencv_calib3d.3.4.1.dylib in Frameworks */,
				D47FF9C42098651C0079283F /* libopencv_xfeatures2d.3.4.1.dylib in Frameworks */,
				D47FF9B12098651C0079283F /* libopencv_bgsegm.3.4.1.dylib in Frameworks */,
				D47FF9C12098651C0079283F /* libopencv_stereo.3.4.1.dylib in Frameworks */,
				D47FF9AB2098651C0079283F /* libopencv_surface_matching.3.4.1.dylib in Frameworks */,
				D47FF9CC2098651C0079283F /* libopencv_datasets.3.4.1.dylib in Frameworks */,
				D47FF9BF2098651C0079283F /* libopencv_features2d.3.4.1.dylib in Frameworks */,
				D47FF9B92098651C0079283F /* libopencv_aruco.3.4.1.dylib in Frameworks */,
				D47FF9D22098651C0079283F /* libopencv_phase_unwrapping.3.4.1.dylib in Frameworks */,
				D47FF9B52098651C0079283F /* libopencv_ximgproc.3.4.1.dylib in Frameworks */,
				D47FF9BE2098651C0079283F /* libopencv_imgcodecs.3.4.1.dylib in Frameworks */,
				D47FF9D02098651C0079283F /* libopencv_imgproc.3.4.1.dylib in Frameworks */,
				D47FF9CE2098651C0079283F /* libopencv_ml.3.4.1.dylib in Frameworks */,
				D47FF9C52098651C0079283F /* libopencv_fuzzy.3.4.1.dylib in Frameworks */,
				D47FF9AE2098651C0079283F /* libopencv_reg.3.4.1.dylib in Frameworks */,
				D47FF9BD2098651C0079283F /* libopencv_img_hash.3.4.1.dylib in Frameworks */,
				D47FF9C02098651C0079283F /* libopencv_objdetect.3.4.1.dylib in Frameworks */,
				D47FF9BA2098651C0079283F /* libopencv_dnn_objdetect.3.4.1.dylib in Frameworks */,
				D47FF9B22098651C0079283F /* libopencv_hfs.3.4.1.dylib in Frameworks */,
				D47FF9C82098651C0079283F /* libopencv_saliency.3.4.1.dylib in Frameworks */,
				D47FF9C22098651C0079283F /* libopencv_rgbd.3.4.1.dylib in Frameworks */,
				D47FF9B62098651C0079283F /* libopencv_bioinspired.3.4.1.dylib in Frameworks */,
				D47FF9B02098651C0079283F /* libopencv_superres.3.4.1.dylib in Frameworks */,
				D47FF9BB2098651C0079283F /* libopencv_dpm.3.4.1.dylib in Frameworks */,
				D47FF9B82098651C0079283F /* libopencv_highgui.3.4.1.dylib in Frameworks */,
				D47FF9AD2098651C0079283F /* libopencv_ccalib.3.4.1.dylib in Frameworks */,
				D47FF9A82098651C0079283F /* libopencv_videostab.3.4.1.dylib in Frameworks */,
				D47FF9BC2098651C0079283F /* libopencv_flann.3.4.1.dylib in Frameworks */,
				D47FF9AC2098651C0079283F /* libopencv_stitching.3.4.1.dylib in Frameworks */,
				D47FF9B32098651C0079283F /* libopencv_line_descriptor.3.4.1.dylib in Frameworks */,
			);
			runOnlyForDeploymentPostprocessing = 0;
		};
/* End PBXFrameworksBuildPhase section */

/* Begin PBXGroup section */
		D47FF961209864D50079283F = {
			isa = PBXGroup;
			children = (
				D47FF977209864FC0079283F /* lib */,
				D47FF96C209864D50079283F /* NEURAL_NET */,
				D47FF96B209864D50079283F /* Products */,
			);
			sourceTree = "<group>";
		};
		D47FF96B209864D50079283F /* Products */ = {
			isa = PBXGroup;
			children = (
				D47FF96A209864D50079283F /* NEURAL_NET */,
			);
			name = Products;
			sourceTree = "<group>";
		};
		D47FF96C209864D50079283F /* NEURAL_NET */ = {
			isa = PBXGroup;
			children = (
				D47FF96D209864D50079283F /* main.cpp */,
			);
			path = NEURAL_NET;
			sourceTree = "<group>";
		};
		D47FF977209864FC0079283F /* lib */ = {
			isa = PBXGroup;
			children = (
				D47FF98A2098651B0079283F /* libopencv_aruco.3.4.1.dylib */,
				D47FF9822098651A0079283F /* libopencv_bgsegm.3.4.1.dylib */,
				D47FF9872098651A0079283F /* libopencv_bioinspired.3.4.1.dylib */,
				D47FF97A2098651A0079283F /* libopencv_calib3d.3.4.1.dylib */,
				D47FF97E2098651A0079283F /* libopencv_ccalib.3.4.1.dylib */,
				D47FF97B2098651A0079283F /* libopencv_core.3.4.1.dylib */,
				D47FF99E2098651C0079283F /* libopencv_datasets.3.4.1.dylib */,
				D47FF98B2098651B0079283F /* libopencv_dnn_objdetect.3.4.1.dylib */,
				D47FF9852098651A0079283F /* libopencv_dnn.3.4.1.dylib */,
				D47FF98C2098651B0079283F /* libopencv_dpm.3.4.1.dylib */,
				D47FF9882098651B0079283F /* libopencv_face.3.4.1.dylib */,
				D47FF9902098651B0079283F /* libopencv_features2d.3.4.1.dylib */,
				D47FF98D2098651B0079283F /* libopencv_flann.3.4.1.dylib */,
				D47FF9972098651B0079283F /* libopencv_fuzzy.3.4.1.dylib */,
				D47FF9832098651A0079283F /* libopencv_hfs.3.4.1.dylib */,
				D47FF9892098651B0079283F /* libopencv_highgui.3.4.1.dylib */,
				D47FF98E2098651B0079283F /* libopencv_img_hash.3.4.1.dylib */,
				D47FF98F2098651B0079283F /* libopencv_imgcodecs.3.4.1.dylib */,
				D47FF9A32098651C0079283F /* libopencv_imgproc.3.4.1.dylib */,
				D47FF9842098651A0079283F /* libopencv_line_descriptor.3.4.1.dylib */,
				D47FF9A02098651C0079283F /* libopencv_ml.3.4.1.dylib */,
				D47FF9912098651B0079283F /* libopencv_objdetect.3.4.1.dylib */,
				D47FF9992098651C0079283F /* libopencv_optflow.3.4.1.dylib */,
				D47FF9A62098651C0079283F /* libopencv_phase_unwrapping.3.4.1.dylib */,
				D47FF9A42098651C0079283F /* libopencv_photo.3.4.1.dylib */,
				D47FF9A12098651C0079283F /* libopencv_plot.3.4.1.dylib */,
				D47FF97F2098651A0079283F /* libopencv_reg.3.4.1.dylib */,
				D47FF9932098651B0079283F /* libopencv_rgbd.3.4.1.dylib */,
				D47FF99A2098651C0079283F /* libopencv_saliency.3.4.1.dylib */,
				D47FF99F2098651C0079283F /* libopencv_shape.3.4.1.dylib */,
				D47FF9922098651B0079283F /* libopencv_stereo.3.4.1.dylib */,
				D47FF97D2098651A0079283F /* libopencv_stitching.3.4.1.dylib */,
				D47FF99C2098651C0079283F /* libopencv_structured_light.3.4.1.dylib */,
				D47FF9812098651A0079283F /* libopencv_superres.3.4.1.dylib */,
				D47FF97C2098651A0079283F /* libopencv_surface_matching.3.4.1.dylib */,
				D47FF978209865190079283F /* libopencv_text.3.4.1.dylib */,
				D47FF9802098651A0079283F /* libopencv_tracking.3.4.1.dylib */,
				D47FF9942098651B0079283F /* libopencv_video.3.4.1.dylib */,
				D47FF99B2098651C0079283F /* libopencv_videoio.3.4.1.dylib */,
				D47FF979209865190079283F /* libopencv_videostab.3.4.1.dylib */,
				D47FF9962098651B0079283F /* libopencv_xfeatures2d.3.4.1.dylib */,
				D47FF9862098651A0079283F /* libopencv_ximgproc.3.4.1.dylib */,
				D47FF9982098651C0079283F /* libopencv_xobjdetect.3.4.1.dylib */,
				D47FF99D2098651C0079283F /* libopencv_xphoto.3.4.1.dylib */,
				D47FF9A22098651C0079283F /* pkgconfig */,
				D47FF9952098651B0079283F /* python2.7 */,
				D47FF9A52098651C0079283F /* python3.6 */,
			);
			path = lib;
			sourceTree = "<group>";
		};
/* End PBXGroup section */

/* Begin PBXNativeTarget section */
		D47FF969209864D50079283F /* NEURAL_NET */ = {
			isa = PBXNativeTarget;
			buildConfigurationList = D47FF971209864D50079283F /* Build configuration list for PBXNativeTarget "NEURAL_NET" */;
			buildPhases = (
				D47FF966209864D50079283F /* Sources */,
				D47FF967209864D50079283F /* Frameworks */,
				D47FF968209864D50079283F /* CopyFiles */,
			);
			buildRules = (
			);
			dependencies = (
			);
			name = NEURAL_NET;
			productName = NEURAL_NET;
			productReference = D47FF96A209864D50079283F /* NEURAL_NET */;
			productType = "com.apple.product-type.tool";
		};
/* End PBXNativeTarget section */

/* Begin PBXProject section */
		D47FF962209864D50079283F /* Project object */ = {
			isa = PBXProject;
			attributes = {
				LastUpgradeCheck = 0930;
				ORGANIZATIONNAME = xieshiyong;
				TargetAttributes = {
					D47FF969209864D50079283F = {
						CreatedOnToolsVersion = 9.3;
					};
				};
			};
			buildConfigurationList = D47FF965209864D50079283F /* Build configuration list for PBXProject "NEURAL_NET" */;
			compatibilityVersion = "Xcode 9.3";
			developmentRegion = en;
			hasScannedForEncodings = 0;
			knownRegions = (
				en,
			);
			mainGroup = D47FF961209864D50079283F;
			productRefGroup = D47FF96B209864D50079283F /* Products */;
			projectDirPath = "";
			projectRoot = "";
			targets = (
				D47FF969209864D50079283F /* NEURAL_NET */,
			);
		};
/* End PBXProject section */

/* Begin PBXSourcesBuildPhase section */
		D47FF966209864D50079283F /* Sources */ = {
			isa = PBXSourcesBuildPhase;
			buildActionMask = 2147483647;
			files = (
				D47FF96E209864D50079283F /* main.cpp in Sources */,
			);
			runOnlyForDeploymentPostprocessing = 0;
		};
/* End PBXSourcesBuildPhase section */

/* Begin XCBuildConfiguration section */
		D47FF96F209864D50079283F /* Debug */ = {
			isa = XCBuildConfiguration;
			buildSettings = {
				ALWAYS_SEARCH_USER_PATHS = NO;
				CLANG_ANALYZER_NONNULL = YES;
				CLANG_ANALYZER_NUMBER_OBJECT_CONVERSION = YES_AGGRESSIVE;
				CLANG_CXX_LANGUAGE_STANDARD = "gnu++14";
				CLANG_CXX_LIBRARY = "libc++";
				CLANG_ENABLE_MODULES = YES;
				CLANG_ENABLE_OBJC_ARC = YES;
				CLANG_ENABLE_OBJC_WEAK = YES;
				CLANG_WARN_BLOCK_CAPTURE_AUTORELEASING = YES;
				CLANG_WARN_BOOL_CONVERSION = YES;
				CLANG_WARN_COMMA = YES;
				CLANG_WARN_CONSTANT_CONVERSION = YES;
				CLANG_WARN_DEPRECATED_OBJC_IMPLEMENTATIONS = YES;
				CLANG_WARN_DIRECT_OBJC_ISA_USAGE = YES_ERROR;
				CLANG_WARN_DOCUMENTATION_COMMENTS = YES;
				CLANG_WARN_EMPTY_BODY = YES;
				CLANG_WARN_ENUM_CONVERSION = YES;
				CLANG_WARN_INFINITE_RECURSION = YES;
				CLANG_WARN_INT_CONVERSION = YES;
				CLANG_WARN_NON_LITERAL_NULL_CONVERSION = YES;
				CLANG_WARN_OBJC_IMPLICIT_RETAIN_SELF = YES;
				CLANG_WARN_OBJC_LITERAL_CONVERSION = YES;
				CLANG_WARN_OBJC_ROOT_CLASS = YES_ERROR;
				CLANG_WARN_RANGE_LOOP_ANALYSIS = YES;
				CLANG_WARN_STRICT_PROTOTYPES = YES;
				CLANG_WARN_SUSPICIOUS_MOVE = YES;
				CLANG_WARN_UNGUARDED_AVAILABILITY = YES_AGGRESSIVE;
				CLANG_WARN_UNREACHABLE_CODE = YES;
				CLANG_WARN__DUPLICATE_METHOD_MATCH = YES;
				CODE_SIGN_IDENTITY = "-";
				COPY_PHASE_STRIP = NO;
				DEBUG_INFORMATION_FORMAT = dwarf;
				ENABLE_STRICT_OBJC_MSGSEND = YES;
				ENABLE_TESTABILITY = YES;
				GCC_C_LANGUAGE_STANDARD = gnu11;
				GCC_DYNAMIC_NO_PIC = NO;
				GCC_NO_COMMON_BLOCKS = YES;
				GCC_OPTIMIZATION_LEVEL = 0;
				GCC_PREPROCESSOR_DEFINITIONS = (
					"DEBUG=1",
					"$(inherited)",
				);
				GCC_WARN_64_TO_32_BIT_CONVERSION = YES;
				GCC_WARN_ABOUT_RETURN_TYPE = YES_ERROR;
				GCC_WARN_UNDECLARED_SELECTOR = YES;
				GCC_WARN_UNINITIALIZED_AUTOS = YES_AGGRESSIVE;
				GCC_WARN_UNUSED_FUNCTION = YES;
				GCC_WARN_UNUSED_VARIABLE = YES;
				MACOSX_DEPLOYMENT_TARGET = 10.13;
				MTL_ENABLE_DEBUG_INFO = YES;
				ONLY_ACTIVE_ARCH = YES;
				SDKROOT = macosx;
			};
			name = Debug;
		};
		D47FF970209864D50079283F /* Release */ = {
			isa = XCBuildConfiguration;
			buildSettings = {
				ALWAYS_SEARCH_USER_PATHS = NO;
				CLANG_ANALYZER_NONNULL = YES;
				CLANG_ANALYZER_NUMBER_OBJECT_CONVERSION = YES_AGGRESSIVE;
				CLANG_CXX_LANGUAGE_STANDARD = "gnu++14";
				CLANG_CXX_LIBRARY = "libc++";
				CLANG_ENABLE_MODULES = YES;
				CLANG_ENABLE_OBJC_ARC = YES;
				CLANG_ENABLE_OBJC_WEAK = YES;
				CLANG_WARN_BLOCK_CAPTURE_AUTORELEASING = YES;
				CLANG_WARN_BOOL_CONVERSION = YES;
				CLANG_WARN_COMMA = YES;
				CLANG_WARN_CONSTANT_CONVERSION = YES;
				CLANG_WARN_DEPRECATED_OBJC_IMPLEMENTATIONS = YES;
				CLANG_WARN_DIRECT_OBJC_ISA_USAGE = YES_ERROR;
				CLANG_WARN_DOCUMENTATION_COMMENTS = YES;
				CLANG_WARN_EMPTY_BODY = YES;
				CLANG_WARN_ENUM_CONVERSION = YES;
				CLANG_WARN_INFINITE_RECURSION = YES;
				CLANG_WARN_INT_CONVERSION = YES;
				CLANG_WARN_NON_LITERAL_NULL_CONVERSION = YES;
				CLANG_WARN_OBJC_IMPLICIT_RETAIN_SELF = YES;
				CLANG_WARN_OBJC_LITERAL_CONVERSION = YES;
				CLANG_WARN_OBJC_ROOT_CLASS = YES_ERROR;
				CLANG_WARN_RANGE_LOOP_ANALYSIS = YES;
				CLANG_WARN_STRICT_PROTOTYPES = YES;
				CLANG_WARN_SUSPICIOUS_MOVE = YES;
				CLANG_WARN_UNGUARDED_AVAILABILITY = YES_AGGRESSIVE;
				CLANG_WARN_UNREACHABLE_CODE = YES;
				CLANG_WARN__DUPLICATE_METHOD_MATCH = YES;
				CODE_SIGN_IDENTITY = "-";
				COPY_PHASE_STRIP = NO;
				DEBUG_INFORMATION_FORMAT = "dwarf-with-dsym";
				ENABLE_NS_ASSERTIONS = NO;
				ENABLE_STRICT_OBJC_MSGSEND = YES;
				GCC_C_LANGUAGE_STANDARD = gnu11;
				GCC_NO_COMMON_BLOCKS = YES;
				GCC_WARN_64_TO_32_BIT_CONVERSION = YES;
				GCC_WARN_ABOUT_RETURN_TYPE = YES_ERROR;
				GCC_WARN_UNDECLARED_SELECTOR = YES;
				GCC_WARN_UNINITIALIZED_AUTOS = YES_AGGRESSIVE;
				GCC_WARN_UNUSED_FUNCTION = YES;
				GCC_WARN_UNUSED_VARIABLE = YES;
				MACOSX_DEPLOYMENT_TARGET = 10.13;
				MTL_ENABLE_DEBUG_INFO = NO;
				SDKROOT = macosx;
			};
			name = Release;
		};
		D47FF972209864D50079283F /* Debug */ = {
			isa = XCBuildConfiguration;
			buildSettings = {
				CODE_SIGN_STYLE = Automatic;
				"HEADER_SEARCH_PATHS[arch=*]" = /usr/local/include;
				LIBRARY_SEARCH_PATHS = (
					"$(inherited)",
					"$(PROJECT_DIR)/lib",
				);
				"LIBRARY_SEARCH_PATHS[arch=*]" = /usr/local/lib;
				PRODUCT_NAME = "$(TARGET_NAME)";
			};
			name = Debug;
		};
		D47FF973209864D50079283F /* Release */ = {
			isa = XCBuildConfiguration;
			buildSettings = {
				CODE_SIGN_STYLE = Automatic;
				LIBRARY_SEARCH_PATHS = (
					"$(inherited)",
					"$(PROJECT_DIR)/lib",
				);
				PRODUCT_NAME = "$(TARGET_NAME)";
			};
			name = Release;
		};
/* End XCBuildConfiguration section */

/* Begin XCConfigurationList section */
		D47FF965209864D50079283F /* Build configuration list for PBXProject "NEURAL_NET" */ = {
			isa = XCConfigurationList;
			buildConfigurations = (
				D47FF96F209864D50079283F /* Debug */,
				D47FF970209864D50079283F /* Release */,
			);
			defaultConfigurationIsVisible = 0;
			defaultConfigurationName = Release;
		};
		D47FF971209864D50079283F /* Build configuration list for PBXNativeTarget "NEURAL_NET" */ = {
			isa = XCConfigurationList;
			buildConfigurations = (
				D47FF972209864D50079283F /* Debug */,
				D47FF973209864D50079283F /* Release */,
			);
			defaultConfigurationIsVisible = 0;
			defaultConfigurationName = Release;
		};
/* End XCConfigurationList section */
	};
	rootObject = D47FF962209864D50079283F /* Project object */;
}
